
Microsoft Visual Studio Solution File, Format Version 12.00
# Visual Studio 2013
VisualStudioVersion = 12.0.30723.0
MinimumVisualStudioVersion = 10.0.40219.1
Project("{2150E333-8FDC-42A3-9474-1A3956D46DE8}") = "src", "src", "{BB9A244E-31AC-4E74-B9E2-4480483C12E7}"
EndProject
Project("{F2A71F9B-5D33-465A-A702-920D77279786}") = "FsDLX.Assembler", "src\FsDLX.Assembler\FsDLX.Assembler.fsproj", "{0BC68FF9-C0A4-4D52-B4F3-A091A3A6C07B}"
EndProject
Project("{2150E333-8FDC-42A3-9474-1A3956D46DE8}") = "test", "test", "{F867B9B1-C77D-4E01-82E6-6719C254C41C}"
EndProject
Project("{F2A71F9B-5D33-465A-A702-920D77279786}") = "Test.FsDLX.Assembler", "test\Test.FsDLX.Assembler\Test.FsDLX.Assembler.fsproj", "{713A6AA9-AB9D-45D6-9087-705F60798719}"
EndProject
Project("{2150E333-8FDC-42A3-9474-1A3956D46DE8}") = "support", "support", "{1FB80DD5-D4DD-41EA-A04C-053FB0B9B096}"
	ProjectSection(SolutionItems) = preProject
		support\Itypes = support\Itypes
		support\Jtypes = support\Jtypes
		support\Rtypes = support\Rtypes
		support\simpleInput.dlx = support\simpleInput.dlx
		support\simpleOutput.hex = support\simpleOutput.hex
	EndProjectSection
EndProject
Project("{2150E333-8FDC-42A3-9474-1A3956D46DE8}") = "inputs", "inputs", "{692F460D-FD91-4137-92B0-8FBE2A4DD7C2}"
	ProjectSection(SolutionItems) = preProject
		..\Inputs\align.dlx = ..\Inputs\align.dlx
		..\Inputs\align.hex = ..\Inputs\align.hex
		..\Inputs\arithImmed.dlx = ..\Inputs\arithImmed.dlx
		..\Inputs\arithImmed.hex = ..\Inputs\arithImmed.hex
		..\Inputs\asciiz1.dlx = ..\Inputs\asciiz1.dlx
		..\Inputs\asciiz1.hex = ..\Inputs\asciiz1.hex
		..\Inputs\asciiz2.dlx = ..\Inputs\asciiz2.dlx
		..\Inputs\asciiz2.hex = ..\Inputs\asciiz2.hex
		..\Inputs\branches.dlx = ..\Inputs\branches.dlx
		..\Inputs\branches.hex = ..\Inputs\branches.hex
		..\Inputs\convert.dlx = ..\Inputs\convert.dlx
		..\Inputs\convert.hex = ..\Inputs\convert.hex
		..\Inputs\data.dlx = ..\Inputs\data.dlx
		..\Inputs\data.hex = ..\Inputs\data.hex
		..\Inputs\directives.hex = ..\Inputs\directives.hex
		..\Inputs\directives1.dlx = ..\Inputs\directives1.dlx
		..\Inputs\directives1.hex = ..\Inputs\directives1.hex
		..\Inputs\directives2.dlx = ..\Inputs\directives2.dlx
		..\Inputs\directives2.hex = ..\Inputs\directives2.hex
		..\Inputs\double1.dlx = ..\Inputs\double1.dlx
		..\Inputs\double1.hex = ..\Inputs\double1.hex
		..\Inputs\double2.dlx = ..\Inputs\double2.dlx
		..\Inputs\double2.hex = ..\Inputs\double2.hex
		..\Inputs\float1.dlx = ..\Inputs\float1.dlx
		..\Inputs\float1.hex = ..\Inputs\float1.hex
		..\Inputs\float2.dlx = ..\Inputs\float2.dlx
		..\Inputs\float2.hex = ..\Inputs\float2.hex
		..\Inputs\fpArith.dlx = ..\Inputs\fpArith.dlx
		..\Inputs\fpArith.hex = ..\Inputs\fpArith.hex
		..\Inputs\intArith.dlx = ..\Inputs\intArith.dlx
		..\Inputs\intArith.hex = ..\Inputs\intArith.hex
		..\Inputs\intLogical.dlx = ..\Inputs\intLogical.dlx
		..\Inputs\intLogical.hex = ..\Inputs\intLogical.hex
		..\Inputs\intSets.dlx = ..\Inputs\intSets.dlx
		..\Inputs\intSets.hex = ..\Inputs\intSets.hex
		..\Inputs\intShift.dlx = ..\Inputs\intShift.dlx
		..\Inputs\intShift.hex = ..\Inputs\intShift.hex
		..\Inputs\jump.dlx = ..\Inputs\jump.dlx
		..\Inputs\jump.hex = ..\Inputs\jump.hex
		..\Inputs\jumpR.dlx = ..\Inputs\jumpR.dlx
		..\Inputs\jumpR.hex = ..\Inputs\jumpR.hex
		..\Inputs\loadImmed.dlx = ..\Inputs\loadImmed.dlx
		..\Inputs\loadImmed.hex = ..\Inputs\loadImmed.hex
		..\Inputs\loads.dlx = ..\Inputs\loads.dlx
		..\Inputs\loads.hex = ..\Inputs\loads.hex
		..\Inputs\logicalImmed.dlx = ..\Inputs\logicalImmed.dlx
		..\Inputs\logicalImmed.hex = ..\Inputs\logicalImmed.hex
		..\Inputs\move.dlx = ..\Inputs\move.dlx
		..\Inputs\move.hex = ..\Inputs\move.hex
		..\Inputs\nop.dlx = ..\Inputs\nop.dlx
		..\Inputs\nop.hex = ..\Inputs\nop.hex
		..\Inputs\setImmed.dlx = ..\Inputs\setImmed.dlx
		..\Inputs\setImmed.hex = ..\Inputs\setImmed.hex
		..\Inputs\shiftImmed.dlx = ..\Inputs\shiftImmed.dlx
		..\Inputs\shiftImmed.hex = ..\Inputs\shiftImmed.hex
		..\Inputs\space.dlx = ..\Inputs\space.dlx
		..\Inputs\space.hex = ..\Inputs\space.hex
		..\Inputs\stores.dlx = ..\Inputs\stores.dlx
		..\Inputs\stores.hex = ..\Inputs\stores.hex
		..\Inputs\text1.dlx = ..\Inputs\text1.dlx
		..\Inputs\text1.hex = ..\Inputs\text1.hex
		..\Inputs\text2.dlx = ..\Inputs\text2.dlx
		..\Inputs\text2.hex = ..\Inputs\text2.hex
		..\Inputs\trap.dlx = ..\Inputs\trap.dlx
		..\Inputs\trap.hex = ..\Inputs\trap.hex
		..\Inputs\word1.dlx = ..\Inputs\word1.dlx
		..\Inputs\word1.hex = ..\Inputs\word1.hex
		..\Inputs\word2.dlx = ..\Inputs\word2.dlx
		..\Inputs\word2.hex = ..\Inputs\word2.hex
	EndProjectSection
EndProject
Global
	GlobalSection(SolutionConfigurationPlatforms) = preSolution
		Debug|Any CPU = Debug|Any CPU
		Release|Any CPU = Release|Any CPU
	EndGlobalSection
	GlobalSection(ProjectConfigurationPlatforms) = postSolution
		{0BC68FF9-C0A4-4D52-B4F3-A091A3A6C07B}.Debug|Any CPU.ActiveCfg = Debug|Any CPU
		{0BC68FF9-C0A4-4D52-B4F3-A091A3A6C07B}.Debug|Any CPU.Build.0 = Debug|Any CPU
		{0BC68FF9-C0A4-4D52-B4F3-A091A3A6C07B}.Release|Any CPU.ActiveCfg = Release|Any CPU
		{0BC68FF9-C0A4-4D52-B4F3-A091A3A6C07B}.Release|Any CPU.Build.0 = Release|Any CPU
		{713A6AA9-AB9D-45D6-9087-705F60798719}.Debug|Any CPU.ActiveCfg = Debug|Any CPU
		{713A6AA9-AB9D-45D6-9087-705F60798719}.Debug|Any CPU.Build.0 = Debug|Any CPU
		{713A6AA9-AB9D-45D6-9087-705F60798719}.Release|Any CPU.ActiveCfg = Release|Any CPU
		{713A6AA9-AB9D-45D6-9087-705F60798719}.Release|Any CPU.Build.0 = Release|Any CPU
	EndGlobalSection
	GlobalSection(SolutionProperties) = preSolution
		HideSolutionNode = FALSE
	EndGlobalSection
	GlobalSection(NestedProjects) = preSolution
		{0BC68FF9-C0A4-4D52-B4F3-A091A3A6C07B} = {BB9A244E-31AC-4E74-B9E2-4480483C12E7}
		{713A6AA9-AB9D-45D6-9087-705F60798719} = {F867B9B1-C77D-4E01-82E6-6719C254C41C}
	EndGlobalSection
	GlobalSection(MonoDevelopProperties) = preSolution
		StartupItem = test\Test.FsDLX.Assembler\Test.FsDLX.Assembler.fsproj
	EndGlobalSection
EndGlobal
